github.com/cenkalti/backoff/v7 v7.0.0 h1:ZP+QAaaOnVUHo+ufFpZ835hbT3x2fy+h2lecVEosZ6A=
github.com/cenkalti/backoff/v7 v7.0.0/go.mod h1:qcKBGwsu4hpxHtQ8tWYsQ+ifzx2+sS+Xx/3jfe30lI8=
github.com/shouni/netarmor v1.4.1 h1:jteCxDB2QT545PlB8r3KIQb46hFLxJsW3PESG4ZddZg=
github.com/shouni/netarmor v1.4.1/go.mod h1:BeqmhJtYfJ4bw0OpT5pu4HUXHkHHY6y5Wu0BDjsyr28=
