github.com/cenkalti/backoff/v7 v7.0.0 h1:ZP+QAaaOnVUHo+ufFpZ835hbT3x2fy+h2lecVEosZ6A=
github.com/cenkalti/backoff/v7 v7.0.0/go.mod h1:qcKBGwsu4hpxHtQ8tWYsQ+ifzx2+sS+Xx/3jfe30lI8=
github.com/shouni/netarmor v1.3.0 h1:/Jaf4n7m2jnDxIKDAvh3cAcrKCsqG3Ajk6nEyadaOtw=
github.com/shouni/netarmor v1.3.0/go.mod h1:9I46wWqG6E8oUzadDBYOmxqMjsz7TbrfSSCGi2piJaM=
