github.com/cenkalti/backoff/v7 v7.0.0 h1:ZP+QAaaOnVUHo+ufFpZ835hbT3x2fy+h2lecVEosZ6A=
github.com/cenkalti/backoff/v7 v7.0.0/go.mod h1:qcKBGwsu4hpxHtQ8tWYsQ+ifzx2+sS+Xx/3jfe30lI8=
github.com/shouni/netarmor v1.4.0 h1:ePG5m1Ao3jvDwdNarsGHqekGYeRJDdoSmHrivqN2TfE=
github.com/shouni/netarmor v1.4.0/go.mod h1:BeqmhJtYfJ4bw0OpT5pu4HUXHkHHY6y5Wu0BDjsyr28=
